// !$*UTF8*$!
{
	archiveVersion = 1;
	classes = {
	};
	objectVersion = 50;
	objects = {

/* Begin PBXBuildFile section */
		13838E90243745040078A2B6 /* GitHubSearchRepostiroryTest.swift in Sources */ = {isa = PBXBuildFile; fileRef = 13838E8F243745040078A2B6 /* GitHubSearchRepostiroryTest.swift */; };
		13838E96243745350078A2B6 /* GitHubClientTest.swift in Sources */ = {isa = PBXBuildFile; fileRef = 13838E95243745350078A2B6 /* GitHubClientTest.swift */; };
		13838E97243745870078A2B6 /* GitHubClient.swift in Sources */ = {isa = PBXBuildFile; fileRef = 13B6FD582433825B003E6FB0 /* GitHubClient.swift */; };
		13ABF6182434D5C100DD2395 /* Result.swift in Sources */ = {isa = PBXBuildFile; fileRef = 13ABF6172434D5C100DD2395 /* Result.swift */; };
		13B6FD592433825B003E6FB0 /* GitHubClient.swift in Sources */ = {isa = PBXBuildFile; fileRef = 13B6FD582433825B003E6FB0 /* GitHubClient.swift */; };
		13F8F9E924307518004594A6 /* main.swift in Sources */ = {isa = PBXBuildFile; fileRef = 13F8F9E824307518004594A6 /* main.swift */; };
		13F8F9FE2430918E004594A6 /* User.swift in Sources */ = {isa = PBXBuildFile; fileRef = 13F8F9FD2430918E004594A6 /* User.swift */; };
		13F8FA042430982B004594A6 /* Repository.swift in Sources */ = {isa = PBXBuildFile; fileRef = 13F8FA032430982B004594A6 /* Repository.swift */; };
		13F8FA0724323D3D004594A6 /* SearchResponse.swift in Sources */ = {isa = PBXBuildFile; fileRef = 13F8FA0624323D3D004594A6 /* SearchResponse.swift */; };
		13F8FA0A24323EC9004594A6 /* GitHubClientError.swift in Sources */ = {isa = PBXBuildFile; fileRef = 13F8FA0924323EC9004594A6 /* GitHubClientError.swift */; };
		13F8FA0C24323FC4004594A6 /* GitHubAPIError.swift in Sources */ = {isa = PBXBuildFile; fileRef = 13F8FA0B24323FC4004594A6 /* GitHubAPIError.swift */; };
		13F8FA0F24324DC8004594A6 /* GitHubRequest.swift in Sources */ = {isa = PBXBuildFile; fileRef = 13F8FA0E24324DC8004594A6 /* GitHubRequest.swift */; };
		13F8FA1124324FC8004594A6 /* HTTPMethod.swift in Sources */ = {isa = PBXBuildFile; fileRef = 13F8FA1024324FC8004594A6 /* HTTPMethod.swift */; };
		13F8FA13243251B8004594A6 /* GitHubAPI.swift in Sources */ = {isa = PBXBuildFile; fileRef = 13F8FA12243251B8004594A6 /* GitHubAPI.swift */; };
/* End PBXBuildFile section */

/* Begin PBXCopyFilesBuildPhase section */
		13F8F9E324307518004594A6 /* CopyFiles */ = {
			isa = PBXCopyFilesBuildPhase;
			buildActionMask = 2147483647;
			dstPath = /usr/share/man/man1/;
			dstSubfolderSpec = 0;
			files = (
			);
			runOnlyForDeploymentPostprocessing = 1;
		};
/* End PBXCopyFilesBuildPhase section */

/* Begin PBXFileReference section */
		13838E8D243745040078A2B6 /* GitHubSearchRepostiroryTest.xctest */ = {isa = PBXFileReference; explicitFileType = wrapper.cfbundle; includeInIndex = 0; path = GitHubSearchRepostiroryTest.xctest; sourceTree = BUILT_PRODUCTS_DIR; };
		13838E8F243745040078A2B6 /* GitHubSearchRepostiroryTest.swift */ = {isa = PBXFileReference; lastKnownFileType = sourcecode.swift; path = GitHubSearchRepostiroryTest.swift; sourceTree = "<group>"; };
		13838E91243745040078A2B6 /* Info.plist */ = {isa = PBXFileReference; lastKnownFileType = text.plist.xml; path = Info.plist; sourceTree = "<group>"; };
		13838E95243745350078A2B6 /* GitHubClientTest.swift */ = {isa = PBXFileReference; lastKnownFileType = sourcecode.swift; path = GitHubClientTest.swift; sourceTree = "<group>"; };
		13ABF6172434D5C100DD2395 /* Result.swift */ = {isa = PBXFileReference; lastKnownFileType = sourcecode.swift; path = Result.swift; sourceTree = "<group>"; };
		13B6FD582433825B003E6FB0 /* GitHubClient.swift */ = {isa = PBXFileReference; lastKnownFileType = sourcecode.swift; path = GitHubClient.swift; sourceTree = "<group>"; };
		13F8F9E524307518004594A6 /* GitHubSearchRepository */ = {isa = PBXFileReference; explicitFileType = "compiled.mach-o.executable"; includeInIndex = 0; path = GitHubSearchRepository; sourceTree = BUILT_PRODUCTS_DIR; };
		13F8F9E824307518004594A6 /* main.swift */ = {isa = PBXFileReference; lastKnownFileType = sourcecode.swift; path = main.swift; sourceTree = "<group>"; };
		13F8F9FD2430918E004594A6 /* User.swift */ = {isa = PBXFileReference; lastKnownFileType = sourcecode.swift; path = User.swift; sourceTree = "<group>"; };
		13F8FA032430982B004594A6 /* Repository.swift */ = {isa = PBXFileReference; lastKnownFileType = sourcecode.swift; path = Repository.swift; sourceTree = "<group>"; };
		13F8FA0624323D3D004594A6 /* SearchResponse.swift */ = {isa = PBXFileReference; lastKnownFileType = sourcecode.swift; path = SearchResponse.swift; sourceTree = "<group>"; };
		13F8FA0924323EC9004594A6 /* GitHubClientError.swift */ = {isa = PBXFileReference; lastKnownFileType = sourcecode.swift; path = GitHubClientError.swift; sourceTree = "<group>"; };
		13F8FA0B24323FC4004594A6 /* GitHubAPIError.swift */ = {isa = PBXFileReference; lastKnownFileType = sourcecode.swift; path = GitHubAPIError.swift; sourceTree = "<group>"; };
		13F8FA0E24324DC8004594A6 /* GitHubRequest.swift */ = {isa = PBXFileReference; lastKnownFileType = sourcecode.swift; path = GitHubRequest.swift; sourceTree = "<group>"; };
		13F8FA1024324FC8004594A6 /* HTTPMethod.swift */ = {isa = PBXFileReference; lastKnownFileType = sourcecode.swift; path = HTTPMethod.swift; sourceTree = "<group>"; };
		13F8FA12243251B8004594A6 /* GitHubAPI.swift */ = {isa = PBXFileReference; lastKnownFileType = sourcecode.swift; path = GitHubAPI.swift; sourceTree = "<group>"; };
/* End PBXFileReference section */

/* Begin PBXFrameworksBuildPhase section */
		13838E8A243745030078A2B6 /* Frameworks */ = {
			isa = PBXFrameworksBuildPhase;
			buildActionMask = 2147483647;
			files = (
			);
			runOnlyForDeploymentPostprocessing = 0;
		};
		13F8F9E224307518004594A6 /* Frameworks */ = {
			isa = PBXFrameworksBuildPhase;
			buildActionMask = 2147483647;
			files = (
			);
			runOnlyForDeploymentPostprocessing = 0;
		};
/* End PBXFrameworksBuildPhase section */

/* Begin PBXGroup section */
		13838E8E243745040078A2B6 /* GitHubSearchRepostiroryTest */ = {
			isa = PBXGroup;
			children = (
				13838E95243745350078A2B6 /* GitHubClientTest.swift */,
				13838E8F243745040078A2B6 /* GitHubSearchRepostiroryTest.swift */,
				13838E91243745040078A2B6 /* Info.plist */,
			);
			path = GitHubSearchRepostiroryTest;
			sourceTree = "<group>";
		};
		13F8F9DC24307518004594A6 = {
			isa = PBXGroup;
			children = (
				13F8F9E724307518004594A6 /* GitHubSearchRepository */,
				13838E8E243745040078A2B6 /* GitHubSearchRepostiroryTest */,
				13F8F9E624307518004594A6 /* Products */,
			);
			sourceTree = "<group>";
		};
		13F8F9E624307518004594A6 /* Products */ = {
			isa = PBXGroup;
			children = (
				13F8F9E524307518004594A6 /* GitHubSearchRepository */,
				13838E8D243745040078A2B6 /* GitHubSearchRepostiroryTest.xctest */,
			);
			name = Products;
			sourceTree = "<group>";
		};
		13F8F9E724307518004594A6 /* GitHubSearchRepository */ = {
			isa = PBXGroup;
			children = (
				13F8F9E824307518004594A6 /* main.swift */,
				13F8FA0824323EB2004594A6 /* Error */,
				13F8FA0D24324DAE004594A6 /* Request */,
				13F8F9FC243090B8004594A6 /* Response */,
				13B6FD582433825B003E6FB0 /* GitHubClient.swift */,
				13ABF6172434D5C100DD2395 /* Result.swift */,
			);
			path = GitHubSearchRepository;
			sourceTree = "<group>";
		};
		13F8F9FC243090B8004594A6 /* Response */ = {
			isa = PBXGroup;
			children = (
				13F8FA032430982B004594A6 /* Repository.swift */,
				13F8FA0624323D3D004594A6 /* SearchResponse.swift */,
				13F8F9FD2430918E004594A6 /* User.swift */,
			);
			path = Response;
			sourceTree = "<group>";
		};
		13F8FA0824323EB2004594A6 /* Error */ = {
			isa = PBXGroup;
			children = (
				13F8FA0B24323FC4004594A6 /* GitHubAPIError.swift */,
				13F8FA0924323EC9004594A6 /* GitHubClientError.swift */,
			);
			path = Error;
			sourceTree = "<group>";
		};
		13F8FA0D24324DAE004594A6 /* Request */ = {
			isa = PBXGroup;
			children = (
				13F8FA12243251B8004594A6 /* GitHubAPI.swift */,
				13F8FA0E24324DC8004594A6 /* GitHubRequest.swift */,
				13F8FA1024324FC8004594A6 /* HTTPMethod.swift */,
			);
			path = Request;
			sourceTree = "<group>";
		};
/* End PBXGroup section */

/* Begin PBXNativeTarget section */
		13838E8C243745030078A2B6 /* GitHubSearchRepostiroryTest */ = {
			isa = PBXNativeTarget;
			buildConfigurationList = 13838E92243745040078A2B6 /* Build configuration list for PBXNativeTarget "GitHubSearchRepostiroryTest" */;
			buildPhases = (
				13838E89243745030078A2B6 /* Sources */,
				13838E8A243745030078A2B6 /* Frameworks */,
				13838E8B243745030078A2B6 /* Resources */,
			);
			buildRules = (
			);
			dependencies = (
			);
			name = GitHubSearchRepostiroryTest;
			productName = GitHubSearchRepostiroryTest;
			productReference = 13838E8D243745040078A2B6 /* GitHubSearchRepostiroryTest.xctest */;
			productType = "com.apple.product-type.bundle.unit-test";
		};
		13F8F9E424307518004594A6 /* GitHubSearchRepository */ = {
			isa = PBXNativeTarget;
			buildConfigurationList = 13F8F9EC24307518004594A6 /* Build configuration list for PBXNativeTarget "GitHubSearchRepository" */;
			buildPhases = (
				13F8F9E124307518004594A6 /* Sources */,
				13F8F9E224307518004594A6 /* Frameworks */,
				13F8F9E324307518004594A6 /* CopyFiles */,
			);
			buildRules = (
			);
			dependencies = (
			);
			name = GitHubSearchRepository;
			productName = GitHubSearchRepository;
			productReference = 13F8F9E524307518004594A6 /* GitHubSearchRepository */;
			productType = "com.apple.product-type.tool";
		};
/* End PBXNativeTarget section */

/* Begin PBXProject section */
		13F8F9DD24307518004594A6 /* Project object */ = {
			isa = PBXProject;
			attributes = {
				LastSwiftUpdateCheck = 1140;
				LastUpgradeCheck = 1140;
				ORGANIZATIONNAME = "高木 健三朗";
				TargetAttributes = {
					13838E8C243745030078A2B6 = {
						CreatedOnToolsVersion = 11.4;
					};
					13F8F9E424307518004594A6 = {
						CreatedOnToolsVersion = 11.4;
					};
				};
			};
			buildConfigurationList = 13F8F9E024307518004594A6 /* Build configuration list for PBXProject "GitHubSearchRepository" */;
			compatibilityVersion = "Xcode 9.3";
			developmentRegion = en;
			hasScannedForEncodings = 0;
			knownRegions = (
				en,
				Base,
			);
			mainGroup = 13F8F9DC24307518004594A6;
			productRefGroup = 13F8F9E624307518004594A6 /* Products */;
			projectDirPath = "";
			projectRoot = "";
			targets = (
				13F8F9E424307518004594A6 /* GitHubSearchRepository */,
				13838E8C243745030078A2B6 /* GitHubSearchRepostiroryTest */,
			);
		};
/* End PBXProject section */

/* Begin PBXResourcesBuildPhase section */
		13838E8B243745030078A2B6 /* Resources */ = {
			isa = PBXResourcesBuildPhase;
			buildActionMask = 2147483647;
			files = (
			);
			runOnlyForDeploymentPostprocessing = 0;
		};
/* End PBXResourcesBuildPhase section */

/* Begin PBXSourcesBuildPhase section */
		13838E89243745030078A2B6 /* Sources */ = {
			isa = PBXSourcesBuildPhase;
			buildActionMask = 2147483647;
			files = (
				13838E97243745870078A2B6 /* GitHubClient.swift in Sources */,
				13838E90243745040078A2B6 /* GitHubSearchRepostiroryTest.swift in Sources */,
				13838E96243745350078A2B6 /* GitHubClientTest.swift in Sources */,
			);
			runOnlyForDeploymentPostprocessing = 0;
		};
		13F8F9E124307518004594A6 /* Sources */ = {
			isa = PBXSourcesBuildPhase;
			buildActionMask = 2147483647;
			files = (
				13F8FA0724323D3D004594A6 /* SearchResponse.swift in Sources */,
				13F8FA13243251B8004594A6 /* GitHubAPI.swift in Sources */,
				13F8F9FE2430918E004594A6 /* User.swift in Sources */,
				13F8F9E924307518004594A6 /* main.swift in Sources */,
				13F8FA042430982B004594A6 /* Repository.swift in Sources */,
				13B6FD592433825B003E6FB0 /* GitHubClient.swift in Sources */,
				13F8FA1124324FC8004594A6 /* HTTPMethod.swift in Sources */,
				13F8FA0F24324DC8004594A6 /* GitHubRequest.swift in Sources */,
				13F8FA0C24323FC4004594A6 /* GitHubAPIError.swift in Sources */,
				13F8FA0A24323EC9004594A6 /* GitHubClientError.swift in Sources */,
				13ABF6182434D5C100DD2395 /* Result.swift in Sources */,
			);
			runOnlyForDeploymentPostprocessing = 0;
		};
/* End PBXSourcesBuildPhase section */

/* Begin XCBuildConfiguration section */
		13838E93243745040078A2B6 /* Debug */ = {
			isa = XCBuildConfiguration;
			buildSettings = {
				CODE_SIGN_STYLE = Automatic;
				COMBINE_HIDPI_IMAGES = YES;
				INFOPLIST_FILE = GitHubSearchRepostiroryTest/Info.plist;
				LD_RUNPATH_SEARCH_PATHS = (
					"$(inherited)",
					"@executable_path/../Frameworks",
					"@loader_path/../Frameworks",
				);
				PRODUCT_BUNDLE_IDENTIFIER = com.example.GitHubSearchRepostiroryTest;
				PRODUCT_NAME = "$(TARGET_NAME)";
				SWIFT_VERSION = 5.0;
			};
			name = Debug;
		};
		13838E94243745040078A2B6 /* Release */ = {
			isa = XCBuildConfiguration;
			buildSettings = {
				CODE_SIGN_STYLE = Automatic;
				COMBINE_HIDPI_IMAGES = YES;
				INFOPLIST_FILE = GitHubSearchRepostiroryTest/Info.plist;
				LD_RUNPATH_SEARCH_PATHS = (
					"$(inherited)",
					"@executable_path/../Frameworks",
					"@loader_path/../Frameworks",
				);
				PRODUCT_BUNDLE_IDENTIFIER = com.example.GitHubSearchRepostiroryTest;
				PRODUCT_NAME = "$(TARGET_NAME)";
				SWIFT_VERSION = 5.0;
			};
			name = Release;
		};
		13F8F9EA24307518004594A6 /* Debug */ = {
			isa = XCBuildConfiguration;
			buildSettings = {
				ALWAYS_SEARCH_USER_PATHS = NO;
				CLANG_ANALYZER_NONNULL = YES;
				CLANG_ANALYZER_NUMBER_OBJECT_CONVERSION = YES_AGGRESSIVE;
				CLANG_CXX_LANGUAGE_STANDARD = "gnu++14";
				CLANG_CXX_LIBRARY = "libc++";
				CLANG_ENABLE_MODULES = YES;
				CLANG_ENABLE_OBJC_ARC = YES;
				CLANG_ENABLE_OBJC_WEAK = YES;
				CLANG_WARN_BLOCK_CAPTURE_AUTORELEASING = YES;
				CLANG_WARN_BOOL_CONVERSION = YES;
				CLANG_WARN_COMMA = YES;
				CLANG_WARN_CONSTANT_CONVERSION = YES;
				CLANG_WARN_DEPRECATED_OBJC_IMPLEMENTATIONS = YES;
				CLANG_WARN_DIRECT_OBJC_ISA_USAGE = YES_ERROR;
				CLANG_WARN_DOCUMENTATION_COMMENTS = YES;
				CLANG_WARN_EMPTY_BODY = YES;
				CLANG_WARN_ENUM_CONVERSION = YES;
				CLANG_WARN_INFINITE_RECURSION = YES;
				CLANG_WARN_INT_CONVERSION = YES;
				CLANG_WARN_NON_LITERAL_NULL_CONVERSION = YES;
				CLANG_WARN_OBJC_IMPLICIT_RETAIN_SELF = YES;
				CLANG_WARN_OBJC_LITERAL_CONVERSION = YES;
				CLANG_WARN_OBJC_ROOT_CLASS = YES_ERROR;
				CLANG_WARN_RANGE_LOOP_ANALYSIS = YES;
				CLANG_WARN_STRICT_PROTOTYPES = YES;
				CLANG_WARN_SUSPICIOUS_MOVE = YES;
				CLANG_WARN_UNGUARDED_AVAILABILITY = YES_AGGRESSIVE;
				CLANG_WARN_UNREACHABLE_CODE = YES;
				CLANG_WARN__DUPLICATE_METHOD_MATCH = YES;
				COPY_PHASE_STRIP = NO;
				DEBUG_INFORMATION_FORMAT = dwarf;
				ENABLE_STRICT_OBJC_MSGSEND = YES;
				ENABLE_TESTABILITY = YES;
				GCC_C_LANGUAGE_STANDARD = gnu11;
				GCC_DYNAMIC_NO_PIC = NO;
				GCC_NO_COMMON_BLOCKS = YES;
				GCC_OPTIMIZATION_LEVEL = 0;
				GCC_PREPROCESSOR_DEFINITIONS = (
					"DEBUG=1",
					"$(inherited)",
				);
				GCC_WARN_64_TO_32_BIT_CONVERSION = YES;
				GCC_WARN_ABOUT_RETURN_TYPE = YES_ERROR;
				GCC_WARN_UNDECLARED_SELECTOR = YES;
				GCC_WARN_UNINITIALIZED_AUTOS = YES_AGGRESSIVE;
				GCC_WARN_UNUSED_FUNCTION = YES;
				GCC_WARN_UNUSED_VARIABLE = YES;
				MACOSX_DEPLOYMENT_TARGET = 10.15;
				MTL_ENABLE_DEBUG_INFO = INCLUDE_SOURCE;
				MTL_FAST_MATH = YES;
				ONLY_ACTIVE_ARCH = YES;
				SDKROOT = macosx;
				SWIFT_ACTIVE_COMPILATION_CONDITIONS = DEBUG;
				SWIFT_OPTIMIZATION_LEVEL = "-Onone";
			};
			name = Debug;
		};
		13F8F9EB24307518004594A6 /* Release */ = {
			isa = XCBuildConfiguration;
			buildSettings = {
				ALWAYS_SEARCH_USER_PATHS = NO;
				CLANG_ANALYZER_NONNULL = YES;
				CLANG_ANALYZER_NUMBER_OBJECT_CONVERSION = YES_AGGRESSIVE;
				CLANG_CXX_LANGUAGE_STANDARD = "gnu++14";
				CLANG_CXX_LIBRARY = "libc++";
				CLANG_ENABLE_MODULES = YES;
				CLANG_ENABLE_OBJC_ARC = YES;
				CLANG_ENABLE_OBJC_WEAK = YES;
				CLANG_WARN_BLOCK_CAPTURE_AUTORELEASING = YES;
				CLANG_WARN_BOOL_CONVERSION = YES;
				CLANG_WARN_COMMA = YES;
				CLANG_WARN_CONSTANT_CONVERSION = YES;
				CLANG_WARN_DEPRECATED_OBJC_IMPLEMENTATIONS = YES;
				CLANG_WARN_DIRECT_OBJC_ISA_USAGE = YES_ERROR;
				CLANG_WARN_DOCUMENTATION_COMMENTS = YES;
				CLANG_WARN_EMPTY_BODY = YES;
				CLANG_WARN_ENUM_CONVERSION = YES;
				CLANG_WARN_INFINITE_RECURSION = YES;
				CLANG_WARN_INT_CONVERSION = YES;
				CLANG_WARN_NON_LITERAL_NULL_CONVERSION = YES;
				CLANG_WARN_OBJC_IMPLICIT_RETAIN_SELF = YES;
				CLANG_WARN_OBJC_LITERAL_CONVERSION = YES;
				CLANG_WARN_OBJC_ROOT_CLASS = YES_ERROR;
				CLANG_WARN_RANGE_LOOP_ANALYSIS = YES;
				CLANG_WARN_STRICT_PROTOTYPES = YES;
				CLANG_WARN_SUSPICIOUS_MOVE = YES;
				CLANG_WARN_UNGUARDED_AVAILABILITY = YES_AGGRESSIVE;
				CLANG_WARN_UNREACHABLE_CODE = YES;
				CLANG_WARN__DUPLICATE_METHOD_MATCH = YES;
				COPY_PHASE_STRIP = NO;
				DEBUG_INFORMATION_FORMAT = "dwarf-with-dsym";
				ENABLE_NS_ASSERTIONS = NO;
				ENABLE_STRICT_OBJC_MSGSEND = YES;
				GCC_C_LANGUAGE_STANDARD = gnu11;
				GCC_NO_COMMON_BLOCKS = YES;
				GCC_WARN_64_TO_32_BIT_CONVERSION = YES;
				GCC_WARN_ABOUT_RETURN_TYPE = YES_ERROR;
				GCC_WARN_UNDECLARED_SELECTOR = YES;
				GCC_WARN_UNINITIALIZED_AUTOS = YES_AGGRESSIVE;
				GCC_WARN_UNUSED_FUNCTION = YES;
				GCC_WARN_UNUSED_VARIABLE = YES;
				MACOSX_DEPLOYMENT_TARGET = 10.15;
				MTL_ENABLE_DEBUG_INFO = NO;
				MTL_FAST_MATH = YES;
				SDKROOT = macosx;
				SWIFT_COMPILATION_MODE = wholemodule;
				SWIFT_OPTIMIZATION_LEVEL = "-O";
			};
			name = Release;
		};
		13F8F9ED24307518004594A6 /* Debug */ = {
			isa = XCBuildConfiguration;
			buildSettings = {
				CODE_SIGN_STYLE = Automatic;
				PRODUCT_NAME = "$(TARGET_NAME)";
				SWIFT_VERSION = 5.0;
			};
			name = Debug;
		};
		13F8F9EE24307518004594A6 /* Release */ = {
			isa = XCBuildConfiguration;
			buildSettings = {
				CODE_SIGN_STYLE = Automatic;
				PRODUCT_NAME = "$(TARGET_NAME)";
				SWIFT_VERSION = 5.0;
			};
			name = Release;
		};
/* End XCBuildConfiguration section */

/* Begin XCConfigurationList section */
		13838E92243745040078A2B6 /* Build configuration list for PBXNativeTarget "GitHubSearchRepostiroryTest" */ = {
			isa = XCConfigurationList;
			buildConfigurations = (
				13838E93243745040078A2B6 /* Debug */,
				13838E94243745040078A2B6 /* Release */,
			);
			defaultConfigurationIsVisible = 0;
			defaultConfigurationName = Release;
		};
		13F8F9E024307518004594A6 /* Build configuration list for PBXProject "GitHubSearchRepository" */ = {
			isa = XCConfigurationList;
			buildConfigurations = (
				13F8F9EA24307518004594A6 /* Debug */,
				13F8F9EB24307518004594A6 /* Release */,
			);
			defaultConfigurationIsVisible = 0;
			defaultConfigurationName = Release;
		};
		13F8F9EC24307518004594A6 /* Build configuration list for PBXNativeTarget "GitHubSearchRepository" */ = {
			isa = XCConfigurationList;
			buildConfigurations = (
				13F8F9ED24307518004594A6 /* Debug */,
				13F8F9EE24307518004594A6 /* Release */,
			);
			defaultConfigurationIsVisible = 0;
			defaultConfigurationName = Release;
		};
/* End XCConfigurationList section */
	};
	rootObject = 13F8F9DD24307518004594A6 /* Project object */;
}
